
Microsoft Visual Studio Solution File, Format Version 12.00
# Visual Studio 14
VisualStudioVersion = 14.0.25420.1
MinimumVisualStudioVersion = 10.0.40219.1
Project("{FAE04EC0-301F-11D3-BF4B-00C04F79EFBC}") = "CustomAlert", "CustomAlert\CustomAlert\CustomAlert.csproj", "{113AAB9F-9D96-4BF9-86E7-0C65417B9B9F}"
EndProject
Project("{FAE04EC0-301F-11D3-BF4B-00C04F79EFBC}") = "CustomAlert.Droid", "CustomAlert\CustomAlert.Droid\CustomAlert.Droid.csproj", "{9208D6EB-D2C3-4CA8-8AA2-3CC3EBF7481A}"
EndProject
Project("{FAE04EC0-301F-11D3-BF4B-00C04F79EFBC}") = "CustomAlert.iOS", "CustomAlert\CustomAlert.iOS\CustomAlert.iOS.csproj", "{1714FE3A-2BE8-450A-9D1E-AFB9E745644C}"
EndProject
Global
	GlobalSection(SolutionConfigurationPlatforms) = preSolution
		Ad-Hoc|Any CPU = Ad-Hoc|Any CPU
		Ad-Hoc|iPhone = Ad-Hoc|iPhone
		Ad-Hoc|iPhoneSimulator = Ad-Hoc|iPhoneSimulator
		AppStore|Any CPU = AppStore|Any CPU
		AppStore|iPhone = AppStore|iPhone
		AppStore|iPhoneSimulator = AppStore|iPhoneSimulator
		Debug|Any CPU = Debug|Any CPU
		Debug|iPhone = Debug|iPhone
		Debug|iPhoneSimulator = Debug|iPhoneSimulator
		Release|Any CPU = Release|Any CPU
		Release|iPhone = Release|iPhone
		Release|iPhoneSimulator = Release|iPhoneSimulator
	EndGlobalSection
	GlobalSection(ProjectConfigurationPlatforms) = postSolution
		{113AAB9F-9D96-4BF9-86E7-0C65417B9B9F}.Ad-Hoc|Any CPU.ActiveCfg = Release|Any CPU
		{113AAB9F-9D96-4BF9-86E7-0C65417B9B9F}.Ad-Hoc|Any CPU.Build.0 = Release|Any CPU
		{113AAB9F-9D96-4BF9-86E7-0C65417B9B9F}.Ad-Hoc|iPhone.ActiveCfg = Release|Any CPU
		{113AAB9F-9D96-4BF9-86E7-0C65417B9B9F}.Ad-Hoc|iPhone.Build.0 = Release|Any CPU
		{113AAB9F-9D96-4BF9-86E7-0C65417B9B9F}.Ad-Hoc|iPhoneSimulator.ActiveCfg = Release|Any CPU
		{113AAB9F-9D96-4BF9-86E7-0C65417B9B9F}.Ad-Hoc|iPhoneSimulator.Build.0 = Release|Any CPU
		{113AAB9F-9D96-4BF9-86E7-0C65417B9B9F}.AppStore|Any CPU.ActiveCfg = Release|Any CPU
		{113AAB9F-9D96-4BF9-86E7-0C65417B9B9F}.AppStore|Any CPU.Build.0 = Release|Any CPU
		{113AAB9F-9D96-4BF9-86E7-0C65417B9B9F}.AppStore|iPhone.ActiveCfg = Release|Any CPU
		{113AAB9F-9D96-4BF9-86E7-0C65417B9B9F}.AppStore|iPhone.Build.0 = Release|Any CPU
		{113AAB9F-9D96-4BF9-86E7-0C65417B9B9F}.AppStore|iPhoneSimulator.ActiveCfg = Release|Any CPU
		{113AAB9F-9D96-4BF9-86E7-0C65417B9B9F}.AppStore|iPhoneSimulator.Build.0 = Release|Any CPU
		{113AAB9F-9D96-4BF9-86E7-0C65417B9B9F}.Debug|Any CPU.ActiveCfg = Debug|Any CPU
		{113AAB9F-9D96-4BF9-86E7-0C65417B9B9F}.Debug|Any CPU.Build.0 = Debug|Any CPU
		{113AAB9F-9D96-4BF9-86E7-0C65417B9B9F}.Debug|iPhone.ActiveCfg = Debug|Any CPU
		{113AAB9F-9D96-4BF9-86E7-0C65417B9B9F}.Debug|iPhone.Build.0 = Debug|Any CPU
		{113AAB9F-9D96-4BF9-86E7-0C65417B9B9F}.Debug|iPhoneSimulator.ActiveCfg = Debug|Any CPU
		{113AAB9F-9D96-4BF9-86E7-0C65417B9B9F}.Debug|iPhoneSimulator.Build.0 = Debug|Any CPU
		{113AAB9F-9D96-4BF9-86E7-0C65417B9B9F}.Release|Any CPU.ActiveCfg = Release|Any CPU
		{113AAB9F-9D96-4BF9-86E7-0C65417B9B9F}.Release|Any CPU.Build.0 = Release|Any CPU
		{113AAB9F-9D96-4BF9-86E7-0C65417B9B9F}.Release|iPhone.ActiveCfg = Release|Any CPU
		{113AAB9F-9D96-4BF9-86E7-0C65417B9B9F}.Release|iPhone.Build.0 = Release|Any CPU
		{113AAB9F-9D96-4BF9-86E7-0C65417B9B9F}.Release|iPhoneSimulator.ActiveCfg = Release|Any CPU
		{113AAB9F-9D96-4BF9-86E7-0C65417B9B9F}.Release|iPhoneSimulator.Build.0 = Release|Any CPU
		{9208D6EB-D2C3-4CA8-8AA2-3CC3EBF7481A}.Ad-Hoc|Any CPU.ActiveCfg = Release|Any CPU
		{9208D6EB-D2C3-4CA8-8AA2-3CC3EBF7481A}.Ad-Hoc|Any CPU.Build.0 = Release|Any CPU
		{9208D6EB-D2C3-4CA8-8AA2-3CC3EBF7481A}.Ad-Hoc|Any CPU.Deploy.0 = Release|Any CPU
		{9208D6EB-D2C3-4CA8-8AA2-3CC3EBF7481A}.Ad-Hoc|iPhone.ActiveCfg = Release|Any CPU
		{9208D6EB-D2C3-4CA8-8AA2-3CC3EBF7481A}.Ad-Hoc|iPhone.Build.0 = Release|Any CPU
		{9208D6EB-D2C3-4CA8-8AA2-3CC3EBF7481A}.Ad-Hoc|iPhone.Deploy.0 = Release|Any CPU
		{9208D6EB-D2C3-4CA8-8AA2-3CC3EBF7481A}.Ad-Hoc|iPhoneSimulator.ActiveCfg = Release|Any CPU
		{9208D6EB-D2C3-4CA8-8AA2-3CC3EBF7481A}.Ad-Hoc|iPhoneSimulator.Build.0 = Release|Any CPU
		{9208D6EB-D2C3-4CA8-8AA2-3CC3EBF7481A}.Ad-Hoc|iPhoneSimulator.Deploy.0 = Release|Any CPU
		{9208D6EB-D2C3-4CA8-8AA2-3CC3EBF7481A}.AppStore|Any CPU.ActiveCfg = Release|Any CPU
		{9208D6EB-D2C3-4CA8-8AA2-3CC3EBF7481A}.AppStore|Any CPU.Build.0 = Release|Any CPU
		{9208D6EB-D2C3-4CA8-8AA2-3CC3EBF7481A}.AppStore|Any CPU.Deploy.0 = Release|Any CPU
		{9208D6EB-D2C3-4CA8-8AA2-3CC3EBF7481A}.AppStore|iPhone.ActiveCfg = Release|Any CPU
		{9208D6EB-D2C3-4CA8-8AA2-3CC3EBF7481A}.AppStore|iPhone.Build.0 = Release|Any CPU
		{9208D6EB-D2C3-4CA8-8AA2-3CC3EBF7481A}.AppStore|iPhone.Deploy.0 = Release|Any CPU
		{9208D6EB-D2C3-4CA8-8AA2-3CC3EBF7481A}.AppStore|iPhoneSimulator.ActiveCfg = Release|Any CPU
		{9208D6EB-D2C3-4CA8-8AA2-3CC3EBF7481A}.AppStore|iPhoneSimulator.Build.0 = Release|Any CPU
		{9208D6EB-D2C3-4CA8-8AA2-3CC3EBF7481A}.AppStore|iPhoneSimulator.Deploy.0 = Release|Any CPU
		{9208D6EB-D2C3-4CA8-8AA2-3CC3EBF7481A}.Debug|Any CPU.ActiveCfg = Debug|Any CPU
		{9208D6EB-D2C3-4CA8-8AA2-3CC3EBF7481A}.Debug|Any CPU.Build.0 = Debug|Any CPU
		{9208D6EB-D2C3-4CA8-8AA2-3CC3EBF7481A}.Debug|Any CPU.Deploy.0 = Debug|Any CPU
		{9208D6EB-D2C3-4CA8-8AA2-3CC3EBF7481A}.Debug|iPhone.ActiveCfg = Debug|Any CPU
		{9208D6EB-D2C3-4CA8-8AA2-3CC3EBF7481A}.Debug|iPhone.Build.0 = Debug|Any CPU
		{9208D6EB-D2C3-4CA8-8AA2-3CC3EBF7481A}.Debug|iPhone.Deploy.0 = Debug|Any CPU
		{9208D6EB-D2C3-4CA8-8AA2-3CC3EBF7481A}.Debug|iPhoneSimulator.ActiveCfg = Debug|Any CPU
		{9208D6EB-D2C3-4CA8-8AA2-3CC3EBF7481A}.Debug|iPhoneSimulator.Build.0 = Debug|Any CPU
		{9208D6EB-D2C3-4CA8-8AA2-3CC3EBF7481A}.Debug|iPhoneSimulator.Deploy.0 = Debug|Any CPU
		{9208D6EB-D2C3-4CA8-8AA2-3CC3EBF7481A}.Release|Any CPU.ActiveCfg = Release|Any CPU
		{9208D6EB-D2C3-4CA8-8AA2-3CC3EBF7481A}.Release|Any CPU.Build.0 = Release|Any CPU
		{9208D6EB-D2C3-4CA8-8AA2-3CC3EBF7481A}.Release|Any CPU.Deploy.0 = Release|Any CPU
		{9208D6EB-D2C3-4CA8-8AA2-3CC3EBF7481A}.Release|iPhone.ActiveCfg = Release|Any CPU
		{9208D6EB-D2C3-4CA8-8AA2-3CC3EBF7481A}.Release|iPhone.Build.0 = Release|Any CPU
		{9208D6EB-D2C3-4CA8-8AA2-3CC3EBF7481A}.Release|iPhone.Deploy.0 = Release|Any CPU
		{9208D6EB-D2C3-4CA8-8AA2-3CC3EBF7481A}.Release|iPhoneSimulator.ActiveCfg = Release|Any CPU
		{9208D6EB-D2C3-4CA8-8AA2-3CC3EBF7481A}.Release|iPhoneSimulator.Build.0 = Release|Any CPU
		{9208D6EB-D2C3-4CA8-8AA2-3CC3EBF7481A}.Release|iPhoneSimulator.Deploy.0 = Release|Any CPU
		{1714FE3A-2BE8-450A-9D1E-AFB9E745644C}.Ad-Hoc|Any CPU.ActiveCfg = Ad-Hoc|iPhone
		{1714FE3A-2BE8-450A-9D1E-AFB9E745644C}.Ad-Hoc|iPhone.ActiveCfg = Ad-Hoc|iPhone
		{1714FE3A-2BE8-450A-9D1E-AFB9E745644C}.Ad-Hoc|iPhone.Build.0 = Ad-Hoc|iPhone
		{1714FE3A-2BE8-450A-9D1E-AFB9E745644C}.Ad-Hoc|iPhoneSimulator.ActiveCfg = Ad-Hoc|iPhoneSimulator
		{1714FE3A-2BE8-450A-9D1E-AFB9E745644C}.Ad-Hoc|iPhoneSimulator.Build.0 = Ad-Hoc|iPhoneSimulator
		{1714FE3A-2BE8-450A-9D1E-AFB9E745644C}.AppStore|Any CPU.ActiveCfg = AppStore|iPhone
		{1714FE3A-2BE8-450A-9D1E-AFB9E745644C}.AppStore|iPhone.ActiveCfg = AppStore|iPhone
		{1714FE3A-2BE8-450A-9D1E-AFB9E745644C}.AppStore|iPhone.Build.0 = AppStore|iPhone
		{1714FE3A-2BE8-450A-9D1E-AFB9E745644C}.AppStore|iPhoneSimulator.ActiveCfg = AppStore|iPhoneSimulator
		{1714FE3A-2BE8-450A-9D1E-AFB9E745644C}.AppStore|iPhoneSimulator.Build.0 = AppStore|iPhoneSimulator
		{1714FE3A-2BE8-450A-9D1E-AFB9E745644C}.Debug|Any CPU.ActiveCfg = Debug|iPhone
		{1714FE3A-2BE8-450A-9D1E-AFB9E745644C}.Debug|iPhone.ActiveCfg = Debug|iPhone
		{1714FE3A-2BE8-450A-9D1E-AFB9E745644C}.Debug|iPhone.Build.0 = Debug|iPhone
		{1714FE3A-2BE8-450A-9D1E-AFB9E745644C}.Debug|iPhoneSimulator.ActiveCfg = Debug|iPhoneSimulator
		{1714FE3A-2BE8-450A-9D1E-AFB9E745644C}.Debug|iPhoneSimulator.Build.0 = Debug|iPhoneSimulator
		{1714FE3A-2BE8-450A-9D1E-AFB9E745644C}.Release|Any CPU.ActiveCfg = Release|iPhone
		{1714FE3A-2BE8-450A-9D1E-AFB9E745644C}.Release|iPhone.ActiveCfg = Release|iPhone
		{1714FE3A-2BE8-450A-9D1E-AFB9E745644C}.Release|iPhone.Build.0 = Release|iPhone
		{1714FE3A-2BE8-450A-9D1E-AFB9E745644C}.Release|iPhoneSimulator.ActiveCfg = Release|iPhoneSimulator
		{1714FE3A-2BE8-450A-9D1E-AFB9E745644C}.Release|iPhoneSimulator.Build.0 = Release|iPhoneSimulator
	EndGlobalSection
	GlobalSection(SolutionProperties) = preSolution
		HideSolutionNode = FALSE
	EndGlobalSection
EndGlobal
